{
  "originHash" : "79dce5428caa1405ac606b31abf83743efd0ac04437577c389c94171977200ce",
  "pins" : [
    {
      "identity" : "ios-places-sdk",
      "kind" : "remoteSourceControl",
      "location" : "https://github.com/googlemaps/ios-places-sdk",
      "state" : {
        "revision" : "ec1d33428f29ac7f9369f858cff0feeec0260723",
        "version" : "10.6.0"
      }
    }
  ],
  "version" : 3
}
