// !$*UTF8*$!
{
	archiveVersion = 1;
	classes = {
	};
	objectVersion = 77;
	objects = {

/* Begin PBXBuildFile section */
		032A8D5C2EF0EBBE00CADC3A /* GooglePlaces in Frameworks */ = {isa = PBXBuildFile; productRef = 032A8D5B2EF0EBBE00CADC3A /* GooglePlaces */; };
		032A8D5E2EF0EBBE00CADC3A /* GooglePlacesSwift in Frameworks */ = {isa = PBXBuildFile; productRef = 032A8D5D2EF0EBBE00CADC3A /* GooglePlacesSwift */; };
/* End PBXBuildFile section */

/* Begin PBXContainerItemProxy section */
		03DDE0072E7B82C300FDD22C /* PBXContainerItemProxy */ = {
			isa = PBXContainerItemProxy;
			containerPortal = 03DDDFF12E7B82C200FDD22C /* Project object */;
			proxyType = 1;
			remoteGlobalIDString = 03DDDFF82E7B82C200FDD22C;
			remoteInfo = Apeti;
		};
		03DDE0112E7B82C300FDD22C /* PBXContainerItemProxy */ = {
			isa = PBXContainerItemProxy;
			containerPortal = 03DDDFF12E7B82C200FDD22C /* Project object */;
			proxyType = 1;
			remoteGlobalIDString = 03DDDFF82E7B82C200FDD22C;
			remoteInfo = Apeti;
		};
/* End PBXContainerItemProxy section */

/* Begin PBXFileReference section */
		03DDDFF92E7B82C200FDD22C /* Apeti.app */ = {isa = PBXFileReference; explicitFileType = wrapper.application; includeInIndex = 0; path = Apeti.app; sourceTree = BUILT_PRODUCTS_DIR; };
		03DDE0062E7B82C300FDD22C /* ApetiTests.xctest */ = {isa = PBXFileReference; explicitFileType = wrapper.cfbundle; includeInIndex = 0; path = ApetiTests.xctest; sourceTree = BUILT_PRODUCTS_DIR; };
		03DDE0102E7B82C300FDD22C /* ApetiUITests.xctest */ = {isa = PBXFileReference; explicitFileType = wrapper.cfbundle; includeInIndex = 0; path = ApetiUITests.xctest; sourceTree = BUILT_PRODUCTS_DIR; };
/* End PBXFileReference section */

/* Begin PBXFileSystemSynchronizedBuildFileExceptionSet section */
		032E71A52EFA22B4002F6B5C /* Exceptions for "Apeti" folder in "Apeti" target */ = {
			isa = PBXFileSystemSynchronizedBuildFileExceptionSet;
			membershipExceptions = (
				Info.plist,
			);
			target = 03DDDFF82E7B82C200FDD22C /* Apeti */;
		};
/* End PBXFileSystemSynchronizedBuildFileExceptionSet section */

/* Begin PBXFileSystemSynchronizedRootGroup section */
		03DDDFFB2E7B82C200FDD22C /* Apeti */ = {
			isa = PBXFileSystemSynchronizedRootGroup;
			exceptions = (
				032E71A52EFA22B4002F6B5C /* Exceptions for "Apeti" folder in "Apeti" target */,
			);
			path = Apeti;
			sourceTree = "<group>";
		};
		03DDE0092E7B82C300FDD22C /* ApetiTests */ = {
			isa = PBXFileSystemSynchronizedRootGroup;
			path = ApetiTests;
			sourceTree = "<group>";
		};
		03DDE0132E7B82C300FDD22C /* ApetiUITests */ = {
			isa = PBXFileSystemSynchronizedRootGroup;
			path = ApetiUITests;
			sourceTree = "<group>";
		};
/* End PBXFileSystemSynchronizedRootGroup section */

/* Begin PBXFrameworksBuildPhase section */
		03DDDFF62E7B82C200FDD22C /* Frameworks */ = {
			isa = PBXFrameworksBuildPhase;
			buildActionMask = 2147483647;
			files = (
				032A8D5C2EF0EBBE00CADC3A /* GooglePlaces in Frameworks */,
				032A8D5E2EF0EBBE00CADC3A /* GooglePlacesSwift in Frameworks */,
			);
			runOnlyForDeploymentPostprocessing = 0;
		};
		03DDE0032E7B82C300FDD22C /* Frameworks */ = {
			isa = PBXFrameworksBuildPhase;
			buildActionMask = 2147483647;
			files = (
			);
			runOnlyForDeploymentPostprocessing = 0;
		};
		03DDE00D2E7B82C300FDD22C /* Frameworks */ = {
			isa = PBXFrameworksBuildPhase;
			buildActionMask = 2147483647;
			files = (
			);
			runOnlyForDeploymentPostprocessing = 0;
		};
/* End PBXFrameworksBuildPhase section */

/* Begin PBXGroup section */
		03DDDFF02E7B82C200FDD22C = {
			isa = PBXGroup;
			children = (
				03DDDFFB2E7B82C200FDD22C /* Apeti */,
				03DDE0092E7B82C300FDD22C /* ApetiTests */,
				03DDE0132E7B82C300FDD22C /* ApetiUITests */,
				03DDDFFA2E7B82C200FDD22C /* Products */,
			);
			sourceTree = "<group>";
		};
		03DDDFFA2E7B82C200FDD22C /* Products */ = {
			isa = PBXGroup;
			children = (
				03DDDFF92E7B82C200FDD22C /* Apeti.app */,
				03DDE0062E7B82C300FDD22C /* ApetiTests.xctest */,
				03DDE0102E7B82C300FDD22C /* ApetiUITests.xctest */,
			);
			name = Products;
			sourceTree = "<group>";
		};
/* End PBXGroup section */

/* Begin PBXNativeTarget section */
		03DDDFF82E7B82C200FDD22C /* Apeti */ = {
			isa = PBXNativeTarget;
			buildConfigurationList = 03DDE01A2E7B82C300FDD22C /* Build configuration list for PBXNativeTarget "Apeti" */;
			buildPhases = (
				03DDDFF52E7B82C200FDD22C /* Sources */,
				03DDDFF62E7B82C200FDD22C /* Frameworks */,
				03DDDFF72E7B82C200FDD22C /* Resources */,
			);
			buildRules = (
			);
			dependencies = (
			);
			fileSystemSynchronizedGroups = (
				03DDDFFB2E7B82C200FDD22C /* Apeti */,
			);
			name = Apeti;
			packageProductDependencies = (
				032A8D5B2EF0EBBE00CADC3A /* GooglePlaces */,
				032A8D5D2EF0EBBE00CADC3A /* GooglePlacesSwift */,
			);
			productName = Apeti;
			productReference = 03DDDFF92E7B82C200FDD22C /* Apeti.app */;
			productType = "com.apple.product-type.application";
		};
		03DDE0052E7B82C300FDD22C /* ApetiTests */ = {
			isa = PBXNativeTarget;
			buildConfigurationList = 03DDE01D2E7B82C300FDD22C /* Build configuration list for PBXNativeTarget "ApetiTests" */;
			buildPhases = (
				03DDE0022E7B82C300FDD22C /* Sources */,
				03DDE0032E7B82C300FDD22C /* Frameworks */,
				03DDE0042E7B82C300FDD22C /* Resources */,
			);
			buildRules = (
			);
			dependencies = (
				03DDE0082E7B82C300FDD22C /* PBXTargetDependency */,
			);
			fileSystemSynchronizedGroups = (
				03DDE0092E7B82C300FDD22C /* ApetiTests */,
			);
			name = ApetiTests;
			packageProductDependencies = (
			);
			productName = ApetiTests;
			productReference = 03DDE0062E7B82C300FDD22C /* ApetiTests.xctest */;
			productType = "com.apple.product-type.bundle.unit-test";
		};
		03DDE00F2E7B82C300FDD22C /* ApetiUITests */ = {
			isa = PBXNativeTarget;
			buildConfigurationList = 03DDE0202E7B82C300FDD22C /* Build configuration list for PBXNativeTarget "ApetiUITests" */;
			buildPhases = (
				03DDE00C2E7B82C300FDD22C /* Sources */,
				03DDE00D2E7B82C300FDD22C /* Frameworks */,
				03DDE00E2E7B82C300FDD22C /* Resources */,
			);
			buildRules = (
			);
			dependencies = (
				03DDE0122E7B82C300FDD22C /* PBXTargetDependency */,
			);
			fileSystemSynchronizedGroups = (
				03DDE0132E7B82C300FDD22C /* ApetiUITests */,
			);
			name = ApetiUITests;
			packageProductDependencies = (
			);
			productName = ApetiUITests;
			productReference = 03DDE0102E7B82C300FDD22C /* ApetiUITests.xctest */;
			productType = "com.apple.product-type.bundle.ui-testing";
		};
/* End PBXNativeTarget section */

/* Begin PBXProject section */
		03DDDFF12E7B82C200FDD22C /* Project object */ = {
			isa = PBXProject;
			attributes = {
				BuildIndependentTargetsInParallel = 1;
				LastSwiftUpdateCheck = 2600;
				LastUpgradeCheck = 2600;
				TargetAttributes = {
					03DDDFF82E7B82C200FDD22C = {
						CreatedOnToolsVersion = 26.0;
					};
					03DDE0052E7B82C300FDD22C = {
						CreatedOnToolsVersion = 26.0;
						TestTargetID = 03DDDFF82E7B82C200FDD22C;
					};
					03DDE00F2E7B82C300FDD22C = {
						CreatedOnToolsVersion = 26.0;
						TestTargetID = 03DDDFF82E7B82C200FDD22C;
					};
				};
			};
			buildConfigurationList = 03DDDFF42E7B82C200FDD22C /* Build configuration list for PBXProject "Apeti" */;
			developmentRegion = en;
			hasScannedForEncodings = 0;
			knownRegions = (
				en,
				Base,
			);
			mainGroup = 03DDDFF02E7B82C200FDD22C;
			minimizedProjectReferenceProxies = 1;
			packageReferences = (
				032A8D5A2EF0EBBE00CADC3A /* XCRemoteSwiftPackageReference "ios-places-sdk" */,
			);
			preferredProjectObjectVersion = 77;
			productRefGroup = 03DDDFFA2E7B82C200FDD22C /* Products */;
			projectDirPath = "";
			projectRoot = "";
			targets = (
				03DDDFF82E7B82C200FDD22C /* Apeti */,
				03DDE0052E7B82C300FDD22C /* ApetiTests */,
				03DDE00F2E7B82C300FDD22C /* ApetiUITests */,
			);
		};
/* End PBXProject section */

/* Begin PBXResourcesBuildPhase section */
		03DDDFF72E7B82C200FDD22C /* Resources */ = {
			isa = PBXResourcesBuildPhase;
			buildActionMask = 2147483647;
			files = (
			);
			runOnlyForDeploymentPostprocessing = 0;
		};
		03DDE0042E7B82C300FDD22C /* Resources */ = {
			isa = PBXResourcesBuildPhase;
			buildActionMask = 2147483647;
			files = (
			);
			runOnlyForDeploymentPostprocessing = 0;
		};
		03DDE00E2E7B82C300FDD22C /* Resources */ = {
			isa = PBXResourcesBuildPhase;
			buildActionMask = 2147483647;
			files = (
			);
			runOnlyForDeploymentPostprocessing = 0;
		};
/* End PBXResourcesBuildPhase section */

/* Begin PBXSourcesBuildPhase section */
		03DDDFF52E7B82C200FDD22C /* Sources */ = {
			isa = PBXSourcesBuildPhase;
			buildActionMask = 2147483647;
			files = (
			);
			runOnlyForDeploymentPostprocessing = 0;
		};
		03DDE0022E7B82C300FDD22C /* Sources */ = {
			isa = PBXSourcesBuildPhase;
			buildActionMask = 2147483647;
			files = (
			);
			runOnlyForDeploymentPostprocessing = 0;
		};
		03DDE00C2E7B82C300FDD22C /* Sources */ = {
			isa = PBXSourcesBuildPhase;
			buildActionMask = 2147483647;
			files = (
			);
			runOnlyForDeploymentPostprocessing = 0;
		};
/* End PBXSourcesBuildPhase section */

/* Begin PBXTargetDependency section */
		03DDE0082E7B82C300FDD22C /* PBXTargetDependency */ = {
			isa = PBXTargetDependency;
			target = 03DDDFF82E7B82C200FDD22C /* Apeti */;
			targetProxy = 03DDE0072E7B82C300FDD22C /* PBXContainerItemProxy */;
		};
		03DDE0122E7B82C300FDD22C /* PBXTargetDependency */ = {
			isa = PBXTargetDependency;
			target = 03DDDFF82E7B82C200FDD22C /* Apeti */;
			targetProxy = 03DDE0112E7B82C300FDD22C /* PBXContainerItemProxy */;
		};
/* End PBXTargetDependency section */

/* Begin XCBuildConfiguration section */
		03DDE0182E7B82C300FDD22C /* Debug */ = {
			isa = XCBuildConfiguration;
			baseConfigurationReferenceAnchor = 03DDDFFB2E7B82C200FDD22C /* Apeti */;
			baseConfigurationReferenceRelativePath = Secrets.xcconfig;
			buildSettings = {
				ALWAYS_SEARCH_USER_PATHS = NO;
				ASSETCATALOG_COMPILER_GENERATE_SWIFT_ASSET_SYMBOL_EXTENSIONS = YES;
				CLANG_ANALYZER_NONNULL = YES;
				CLANG_ANALYZER_NUMBER_OBJECT_CONVERSION = YES_AGGRESSIVE;
				CLANG_CXX_LANGUAGE_STANDARD = "gnu++20";
				CLANG_ENABLE_MODULES = YES;
				CLANG_ENABLE_OBJC_ARC = YES;
				CLANG_ENABLE_OBJC_WEAK = YES;
				CLANG_WARN_BLOCK_CAPTURE_AUTORELEASING = YES;
				CLANG_WARN_BOOL_CONVERSION = YES;
				CLANG_WARN_COMMA = YES;
				CLANG_WARN_CONSTANT_CONVERSION = YES;
				CLANG_WARN_DEPRECATED_OBJC_IMPLEMENTATIONS = YES;
				CLANG_WARN_DIRECT_OBJC_ISA_USAGE = YES_ERROR;
				CLANG_WARN_DOCUMENTATION_COMMENTS = YES;
				CLANG_WARN_EMPTY_BODY = YES;
				CLANG_WARN_ENUM_CONVERSION = YES;
				CLANG_WARN_INFINITE_RECURSION = YES;
				CLANG_WARN_INT_CONVERSION = YES;
				CLANG_WARN_NON_LITERAL_NULL_CONVERSION = YES;
				CLANG_WARN_OBJC_IMPLICIT_RETAIN_SELF = YES;
				CLANG_WARN_OBJC_LITERAL_CONVERSION = YES;
				CLANG_WARN_OBJC_ROOT_CLASS = YES_ERROR;
				CLANG_WARN_QUOTED_INCLUDE_IN_FRAMEWORK_HEADER = YES;
				CLANG_WARN_RANGE_LOOP_ANALYSIS = YES;
				CLANG_WARN_STRICT_PROTOTYPES = YES;
				CLANG_WARN_SUSPICIOUS_MOVE = YES;
				CLANG_WARN_UNGUARDED_AVAILABILITY = YES_AGGRESSIVE;
				CLANG_WARN_UNREACHABLE_CODE = YES;
				CLANG_WARN__DUPLICATE_METHOD_MATCH = YES;
				COPY_PHASE_STRIP = NO;
				DEBUG_INFORMATION_FORMAT = dwarf;
				ENABLE_STRICT_OBJC_MSGSEND = YES;
				ENABLE_TESTABILITY = YES;
				ENABLE_USER_SCRIPT_SANDBOXING = YES;
				GCC_C_LANGUAGE_STANDARD = gnu17;
				GCC_DYNAMIC_NO_PIC = NO;
				GCC_NO_COMMON_BLOCKS = YES;
				GCC_OPTIMIZATION_LEVEL = 0;
				GCC_PREPROCESSOR_DEFINITIONS = (
					"DEBUG=1",
					"$(inherited)",
				);
				GCC_WARN_64_TO_32_BIT_CONVERSION = YES;
				GCC_WARN_ABOUT_RETURN_TYPE = YES_ERROR;
				GCC_WARN_UNDECLARED_SELECTOR = YES;
				GCC_WARN_UNINITIALIZED_AUTOS = YES_AGGRESSIVE;
				GCC_WARN_UNUSED_FUNCTION = YES;
				GCC_WARN_UNUSED_VARIABLE = YES;
				IPHONEOS_DEPLOYMENT_TARGET = 26.0;
				LOCALIZATION_PREFERS_STRING_CATALOGS = YES;
				MTL_ENABLE_DEBUG_INFO = INCLUDE_SOURCE;
				MTL_FAST_MATH = YES;
				ONLY_ACTIVE_ARCH = YES;
				SDKROOT = iphoneos;
				SWIFT_ACTIVE_COMPILATION_CONDITIONS = "DEBUG $(inherited)";
				SWIFT_OPTIMIZATION_LEVEL = "-Onone";
			};
			name = Debug;
		};
		03DDE0192E7B82C300FDD22C /* Release */ = {
			isa = XCBuildConfiguration;
			baseConfigurationReferenceAnchor = 03DDDFFB2E7B82C200FDD22C /* Apeti */;
			baseConfigurationReferenceRelativePath = Secrets.xcconfig;
			buildSettings = {
				ALWAYS_SEARCH_USER_PATHS = NO;
				ASSETCATALOG_COMPILER_GENERATE_SWIFT_ASSET_SYMBOL_EXTENSIONS = YES;
				CLANG_ANALYZER_NONNULL = YES;
				CLANG_ANALYZER_NUMBER_OBJECT_CONVERSION = YES_AGGRESSIVE;
				CLANG_CXX_LANGUAGE_STANDARD = "gnu++20";
				CLANG_ENABLE_MODULES = YES;
				CLANG_ENABLE_OBJC_ARC = YES;
				CLANG_ENABLE_OBJC_WEAK = YES;
				CLANG_WARN_BLOCK_CAPTURE_AUTORELEASING = YES;
				CLANG_WARN_BOOL_CONVERSION = YES;
				CLANG_WARN_COMMA = YES;
				CLANG_WARN_CONSTANT_CONVERSION = YES;
				CLANG_WARN_DEPRECATED_OBJC_IMPLEMENTATIONS = YES;
				CLANG_WARN_DIRECT_OBJC_ISA_USAGE = YES_ERROR;
				CLANG_WARN_DOCUMENTATION_COMMENTS = YES;
				CLANG_WARN_EMPTY_BODY = YES;
				CLANG_WARN_ENUM_CONVERSION = YES;
				CLANG_WARN_INFINITE_RECURSION = YES;
				CLANG_WARN_INT_CONVERSION = YES;
				CLANG_WARN_NON_LITERAL_NULL_CONVERSION = YES;
				CLANG_WARN_OBJC_IMPLICIT_RETAIN_SELF = YES;
				CLANG_WARN_OBJC_LITERAL_CONVERSION = YES;
				CLANG_WARN_OBJC_ROOT_CLASS = YES_ERROR;
				CLANG_WARN_QUOTED_INCLUDE_IN_FRAMEWORK_HEADER = YES;
				CLANG_WARN_RANGE_LOOP_ANALYSIS = YES;
				CLANG_WARN_STRICT_PROTOTYPES = YES;
				CLANG_WARN_SUSPICIOUS_MOVE = YES;
				CLANG_WARN_UNGUARDED_AVAILABILITY = YES_AGGRESSIVE;
				CLANG_WARN_UNREACHABLE_CODE = YES;
				CLANG_WARN__DUPLICATE_METHOD_MATCH = YES;
				COPY_PHASE_STRIP = NO;
				DEBUG_INFORMATION_FORMAT = "dwarf-with-dsym";
				ENABLE_NS_ASSERTIONS = NO;
				ENABLE_STRICT_OBJC_MSGSEND = YES;
				ENABLE_USER_SCRIPT_SANDBOXING = YES;
				GCC_C_LANGUAGE_STANDARD = gnu17;
				GCC_NO_COMMON_BLOCKS = YES;
				GCC_WARN_64_TO_32_BIT_CONVERSION = YES;
				GCC_WARN_ABOUT_RETURN_TYPE = YES_ERROR;
				GCC_WARN_UNDECLARED_SELECTOR = YES;
				GCC_WARN_UNINITIALIZED_AUTOS = YES_AGGRESSIVE;
				GCC_WARN_UNUSED_FUNCTION = YES;
				GCC_WARN_UNUSED_VARIABLE = YES;
				IPHONEOS_DEPLOYMENT_TARGET = 26.0;
				LOCALIZATION_PREFERS_STRING_CATALOGS = YES;
				MTL_ENABLE_DEBUG_INFO = NO;
				MTL_FAST_MATH = YES;
				SDKROOT = iphoneos;
				SWIFT_COMPILATION_MODE = wholemodule;
				VALIDATE_PRODUCT = YES;
			};
			name = Release;
		};
		03DDE01B2E7B82C300FDD22C /* Debug */ = {
			isa = XCBuildConfiguration;
			baseConfigurationReferenceAnchor = 03DDDFFB2E7B82C200FDD22C /* Apeti */;
			baseConfigurationReferenceRelativePath = Secrets.xcconfig;
			buildSettings = {
				ASSETCATALOG_COMPILER_APPICON_NAME = AppIcon;
				ASSETCATALOG_COMPILER_GLOBAL_ACCENT_COLOR_NAME = AccentColor;
				CODE_SIGN_STYLE = Automatic;
				CURRENT_PROJECT_VERSION = 1;
				DEVELOPMENT_TEAM = 7QNU64N8ZM;
				ENABLE_PREVIEWS = YES;
				GENERATE_INFOPLIST_FILE = YES;
				INFOPLIST_FILE = Apeti/Info.plist;
				INFOPLIST_KEY_CFBundleDisplayName = Apeti;
				INFOPLIST_KEY_LSApplicationCategoryType = "public.app-category.lifestyle";
				INFOPLIST_KEY_UIApplicationSceneManifest_Generation = YES;
				INFOPLIST_KEY_UIApplicationSupportsIndirectInputEvents = YES;
				INFOPLIST_KEY_UILaunchScreen_Generation = YES;
				INFOPLIST_KEY_UISupportedInterfaceOrientations_iPad = "UIInterfaceOrientationPortrait UIInterfaceOrientationPortraitUpsideDown UIInterfaceOrientationLandscapeLeft UIInterfaceOrientationLandscapeRight";
				INFOPLIST_KEY_UISupportedInterfaceOrientations_iPhone = "UIInterfaceOrientationPortrait UIInterfaceOrientationLandscapeLeft UIInterfaceOrientationLandscapeRight";
				LD_RUNPATH_SEARCH_PATHS = (
					"$(inherited)",
					"@executable_path/Frameworks",
				);
				MARKETING_VERSION = 0.1;
				PRODUCT_BUNDLE_IDENTIFIER = jdanker.Apeti;
				PRODUCT_NAME = "$(TARGET_NAME)";
				STRING_CATALOG_GENERATE_SYMBOLS = YES;
				SWIFT_APPROACHABLE_CONCURRENCY = YES;
				SWIFT_DEFAULT_ACTOR_ISOLATION = MainActor;
				SWIFT_EMIT_LOC_STRINGS = YES;
				SWIFT_UPCOMING_FEATURE_MEMBER_IMPORT_VISIBILITY = YES;
				SWIFT_VERSION = 5.0;
				TARGETED_DEVICE_FAMILY = 1;
			};
			name = Debug;
		};
		03DDE01C2E7B82C300FDD22C /* Release */ = {
			isa = XCBuildConfiguration;
			baseConfigurationReferenceAnchor = 03DDDFFB2E7B82C200FDD22C /* Apeti */;
			baseConfigurationReferenceRelativePath = Secrets.xcconfig;
			buildSettings = {
				ASSETCATALOG_COMPILER_APPICON_NAME = AppIcon;
				ASSETCATALOG_COMPILER_GLOBAL_ACCENT_COLOR_NAME = AccentColor;
				CODE_SIGN_STYLE = Automatic;
				CURRENT_PROJECT_VERSION = 1;
				DEVELOPMENT_TEAM = 7QNU64N8ZM;
				ENABLE_PREVIEWS = YES;
				GENERATE_INFOPLIST_FILE = YES;
				INFOPLIST_FILE = Apeti/Info.plist;
				INFOPLIST_KEY_CFBundleDisplayName = Apeti;
				INFOPLIST_KEY_LSApplicationCategoryType = "public.app-category.lifestyle";
				INFOPLIST_KEY_UIApplicationSceneManifest_Generation = YES;
				INFOPLIST_KEY_UIApplicationSupportsIndirectInputEvents = YES;
				INFOPLIST_KEY_UILaunchScreen_Generation = YES;
				INFOPLIST_KEY_UISupportedInterfaceOrientations_iPad = "UIInterfaceOrientationPortrait UIInterfaceOrientationPortraitUpsideDown UIInterfaceOrientationLandscapeLeft UIInterfaceOrientationLandscapeRight";
				INFOPLIST_KEY_UISupportedInterfaceOrientations_iPhone = "UIInterfaceOrientationPortrait UIInterfaceOrientationLandscapeLeft UIInterfaceOrientationLandscapeRight";
				LD_RUNPATH_SEARCH_PATHS = (
					"$(inherited)",
					"@executable_path/Frameworks",
				);
				MARKETING_VERSION = 0.1;
				PRODUCT_BUNDLE_IDENTIFIER = jdanker.Apeti;
				PRODUCT_NAME = "$(TARGET_NAME)";
				STRING_CATALOG_GENERATE_SYMBOLS = YES;
				SWIFT_APPROACHABLE_CONCURRENCY = YES;
				SWIFT_DEFAULT_ACTOR_ISOLATION = MainActor;
				SWIFT_EMIT_LOC_STRINGS = YES;
				SWIFT_UPCOMING_FEATURE_MEMBER_IMPORT_VISIBILITY = YES;
				SWIFT_VERSION = 5.0;
				TARGETED_DEVICE_FAMILY = 1;
			};
			name = Release;
		};
		03DDE01E2E7B82C300FDD22C /* Debug */ = {
			isa = XCBuildConfiguration;
			buildSettings = {
				BUNDLE_LOADER = "$(TEST_HOST)";
				CODE_SIGN_STYLE = Automatic;
				CURRENT_PROJECT_VERSION = 1;
				GENERATE_INFOPLIST_FILE = YES;
				IPHONEOS_DEPLOYMENT_TARGET = 26.0;
				MARKETING_VERSION = 1.0;
				PRODUCT_BUNDLE_IDENTIFIER = jdanker.ApetiTests;
				PRODUCT_NAME = "$(TARGET_NAME)";
				STRING_CATALOG_GENERATE_SYMBOLS = NO;
				SWIFT_APPROACHABLE_CONCURRENCY = YES;
				SWIFT_EMIT_LOC_STRINGS = NO;
				SWIFT_UPCOMING_FEATURE_MEMBER_IMPORT_VISIBILITY = YES;
				SWIFT_VERSION = 5.0;
				TARGETED_DEVICE_FAMILY = "1,2";
				TEST_HOST = "$(BUILT_PRODUCTS_DIR)/Apeti.app/$(BUNDLE_EXECUTABLE_FOLDER_PATH)/Apeti";
			};
			name = Debug;
		};
		03DDE01F2E7B82C300FDD22C /* Release */ = {
			isa = XCBuildConfiguration;
			buildSettings = {
				BUNDLE_LOADER = "$(TEST_HOST)";
				CODE_SIGN_STYLE = Automatic;
				CURRENT_PROJECT_VERSION = 1;
				GENERATE_INFOPLIST_FILE = YES;
				IPHONEOS_DEPLOYMENT_TARGET = 26.0;
				MARKETING_VERSION = 1.0;
				PRODUCT_BUNDLE_IDENTIFIER = jdanker.ApetiTests;
				PRODUCT_NAME = "$(TARGET_NAME)";
				STRING_CATALOG_GENERATE_SYMBOLS = NO;
				SWIFT_APPROACHABLE_CONCURRENCY = YES;
				SWIFT_EMIT_LOC_STRINGS = NO;
				SWIFT_UPCOMING_FEATURE_MEMBER_IMPORT_VISIBILITY = YES;
				SWIFT_VERSION = 5.0;
				TARGETED_DEVICE_FAMILY = "1,2";
				TEST_HOST = "$(BUILT_PRODUCTS_DIR)/Apeti.app/$(BUNDLE_EXECUTABLE_FOLDER_PATH)/Apeti";
			};
			name = Release;
		};
		03DDE0212E7B82C300FDD22C /* Debug */ = {
			isa = XCBuildConfiguration;
			buildSettings = {
				CODE_SIGN_STYLE = Automatic;
				CURRENT_PROJECT_VERSION = 1;
				GENERATE_INFOPLIST_FILE = YES;
				MARKETING_VERSION = 1.0;
				PRODUCT_BUNDLE_IDENTIFIER = jdanker.ApetiUITests;
				PRODUCT_NAME = "$(TARGET_NAME)";
				STRING_CATALOG_GENERATE_SYMBOLS = NO;
				SWIFT_APPROACHABLE_CONCURRENCY = YES;
				SWIFT_EMIT_LOC_STRINGS = NO;
				SWIFT_UPCOMING_FEATURE_MEMBER_IMPORT_VISIBILITY = YES;
				SWIFT_VERSION = 5.0;
				TARGETED_DEVICE_FAMILY = "1,2";
				TEST_TARGET_NAME = Apeti;
			};
			name = Debug;
		};
		03DDE0222E7B82C300FDD22C /* Release */ = {
			isa = XCBuildConfiguration;
			buildSettings = {
				CODE_SIGN_STYLE = Automatic;
				CURRENT_PROJECT_VERSION = 1;
				GENERATE_INFOPLIST_FILE = YES;
				MARKETING_VERSION = 1.0;
				PRODUCT_BUNDLE_IDENTIFIER = jdanker.ApetiUITests;
				PRODUCT_NAME = "$(TARGET_NAME)";
				STRING_CATALOG_GENERATE_SYMBOLS = NO;
				SWIFT_APPROACHABLE_CONCURRENCY = YES;
				SWIFT_EMIT_LOC_STRINGS = NO;
				SWIFT_UPCOMING_FEATURE_MEMBER_IMPORT_VISIBILITY = YES;
				SWIFT_VERSION = 5.0;
				TARGETED_DEVICE_FAMILY = "1,2";
				TEST_TARGET_NAME = Apeti;
			};
			name = Release;
		};
/* End XCBuildConfiguration section */

/* Begin XCConfigurationList section */
		03DDDFF42E7B82C200FDD22C /* Build configuration list for PBXProject "Apeti" */ = {
			isa = XCConfigurationList;
			buildConfigurations = (
				03DDE0182E7B82C300FDD22C /* Debug */,
				03DDE0192E7B82C300FDD22C /* Release */,
			);
			defaultConfigurationIsVisible = 0;
			defaultConfigurationName = Release;
		};
		03DDE01A2E7B82C300FDD22C /* Build configuration list for PBXNativeTarget "Apeti" */ = {
			isa = XCConfigurationList;
			buildConfigurations = (
				03DDE01B2E7B82C300FDD22C /* Debug */,
				03DDE01C2E7B82C300FDD22C /* Release */,
			);
			defaultConfigurationIsVisible = 0;
			defaultConfigurationName = Release;
		};
		03DDE01D2E7B82C300FDD22C /* Build configuration list for PBXNativeTarget "ApetiTests" */ = {
			isa = XCConfigurationList;
			buildConfigurations = (
				03DDE01E2E7B82C300FDD22C /* Debug */,
				03DDE01F2E7B82C300FDD22C /* Release */,
			);
			defaultConfigurationIsVisible = 0;
			defaultConfigurationName = Release;
		};
		03DDE0202E7B82C300FDD22C /* Build configuration list for PBXNativeTarget "ApetiUITests" */ = {
			isa = XCConfigurationList;
			buildConfigurations = (
				03DDE0212E7B82C300FDD22C /* Debug */,
				03DDE0222E7B82C300FDD22C /* Release */,
			);
			defaultConfigurationIsVisible = 0;
			defaultConfigurationName = Release;
		};
/* End XCConfigurationList section */

/* Begin XCRemoteSwiftPackageReference section */
		032A8D5A2EF0EBBE00CADC3A /* XCRemoteSwiftPackageReference "ios-places-sdk" */ = {
			isa = XCRemoteSwiftPackageReference;
			repositoryURL = "https://github.com/googlemaps/ios-places-sdk";
			requirement = {
				kind = upToNextMajorVersion;
				minimumVersion = 10.6.0;
			};
		};
/* End XCRemoteSwiftPackageReference section */

/* Begin XCSwiftPackageProductDependency section */
		032A8D5B2EF0EBBE00CADC3A /* GooglePlaces */ = {
			isa = XCSwiftPackageProductDependency;
			package = 032A8D5A2EF0EBBE00CADC3A /* XCRemoteSwiftPackageReference "ios-places-sdk" */;
			productName = GooglePlaces;
		};
		032A8D5D2EF0EBBE00CADC3A /* GooglePlacesSwift */ = {
			isa = XCSwiftPackageProductDependency;
			package = 032A8D5A2EF0EBBE00CADC3A /* XCRemoteSwiftPackageReference "ios-places-sdk" */;
			productName = GooglePlacesSwift;
		};
/* End XCSwiftPackageProductDependency section */
	};
	rootObject = 03DDDFF12E7B82C200FDD22C /* Project object */;
}
